// !$*UTF8*$!
{
	archiveVersion = 1;
	classes = {
	};
	objectVersion = 46;
	objects = {

/* Begin PBXBuildFile section */
		2AB26FFF16FE34CA00E0E94E /* Parse.framework in Frameworks */ = {isa = PBXBuildFile; fileRef = 2AB26FFE16FE34CA00E0E94E /* Parse.framework */; };
		2AB2700116FE358A00E0E94E /* AudioToolbox.framework in Frameworks */ = {isa = PBXBuildFile; fileRef = 2AB2700016FE358A00E0E94E /* AudioToolbox.framework */; };
		2AB2700316FE359700E0E94E /* CFNetwork.framework in Frameworks */ = {isa = PBXBuildFile; fileRef = 2AB2700216FE359700E0E94E /* CFNetwork.framework */; };
		2AB2700516FE35CA00E0E94E /* CoreLocation.framework in Frameworks */ = {isa = PBXBuildFile; fileRef = 2AB2700416FE35CA00E0E94E /* CoreLocation.framework */; };
		2AB2700716FE366D00E0E94E /* libz.1.1.3.dylib in Frameworks */ = {isa = PBXBuildFile; fileRef = 2AB2700616FE366D00E0E94E /* libz.1.1.3.dylib */; };
		2AB2700916FE367900E0E94E /* MobileCoreServices.framework in Frameworks */ = {isa = PBXBuildFile; fileRef = 2AB2700816FE367900E0E94E /* MobileCoreServices.framework */; };
		2AB2700B16FE368300E0E94E /* QuartzCore.framework in Frameworks */ = {isa = PBXBuildFile; fileRef = 2AB2700A16FE368300E0E94E /* QuartzCore.framework */; };
		2AB2700D16FE368C00E0E94E /* Security.framework in Frameworks */ = {isa = PBXBuildFile; fileRef = 2AB2700C16FE368C00E0E94E /* Security.framework */; };
		2AB2700F16FE369600E0E94E /* StoreKit.framework in Frameworks */ = {isa = PBXBuildFile; fileRef = 2AB2700E16FE369600E0E94E /* StoreKit.framework */; };
		2AB2701116FE369F00E0E94E /* SystemConfiguration.framework in Frameworks */ = {isa = PBXBuildFile; fileRef = 2AB2701016FE369F00E0E94E /* SystemConfiguration.framework */; };
		2AB2701316FE370100E0E94E /* AdSupport.framework in Frameworks */ = {isa = PBXBuildFile; fileRef = 2AB2701216FE370100E0E94E /* AdSupport.framework */; settings = {ATTRIBUTES = (Weak, ); }; };
		2AB2701516FE371100E0E94E /* Social.framework in Frameworks */ = {isa = PBXBuildFile; fileRef = 2AB2701416FE371100E0E94E /* Social.framework */; settings = {ATTRIBUTES = (Weak, ); }; };
		2AB2701716FE371D00E0E94E /* Accounts.framework in Frameworks */ = {isa = PBXBuildFile; fileRef = 2AB2701616FE371D00E0E94E /* Accounts.framework */; settings = {ATTRIBUTES = (Weak, ); }; };
		2AB2701A16FE448100E0E94E /* CompanyDashboardViewController.m in Sources */ = {isa = PBXBuildFile; fileRef = 2AB2701916FE448100E0E94E /* CompanyDashboardViewController.m */; };
		2AB2701D16FE4CA600E0E94E /* bmw-logo.png in Resources */ = {isa = PBXBuildFile; fileRef = 2AB2701C16FE4CA600E0E94E /* bmw-logo.png */; };
		2AB2701F16FE4FB600E0E94E /* mini-logo.png in Resources */ = {isa = PBXBuildFile; fileRef = 2AB2701E16FE4FB600E0E94E /* mini-logo.png */; };
		2AB2702216FE4FF200E0E94E /* BloggerDashboardViewController.m in Sources */ = {isa = PBXBuildFile; fileRef = 2AB2702116FE4FF200E0E94E /* BloggerDashboardViewController.m */; };
		2AB2702616FE52B000E0E94E /* texture-8.png in Resources */ = {isa = PBXBuildFile; fileRef = 2AB2702516FE52B000E0E94E /* texture-8.png */; };
		2AB2702816FE586B00E0E94E /* face1.png in Resources */ = {isa = PBXBuildFile; fileRef = 2AB2702716FE586B00E0E94E /* face1.png */; };
		2AB2702A16FE5D2800E0E94E /* face2.png in Resources */ = {isa = PBXBuildFile; fileRef = 2AB2702916FE5D2800E0E94E /* face2.png */; };
		2AB2702D16FE74B000E0E94E /* button-highlighted.png in Resources */ = {isa = PBXBuildFile; fileRef = 2AB2702B16FE74B000E0E94E /* button-highlighted.png */; };
		2AB2702E16FE74B000E0E94E /* button.png in Resources */ = {isa = PBXBuildFile; fileRef = 2AB2702C16FE74B000E0E94E /* button.png */; };
		AFAD80C016FE1F68008D2A8A /* UIKit.framework in Frameworks */ = {isa = PBXBuildFile; fileRef = AFAD80BF16FE1F68008D2A8A /* UIKit.framework */; };
		AFAD80C216FE1F68008D2A8A /* Foundation.framework in Frameworks */ = {isa = PBXBuildFile; fileRef = AFAD80C116FE1F68008D2A8A /* Foundation.framework */; };
		AFAD80C416FE1F68008D2A8A /* CoreGraphics.framework in Frameworks */ = {isa = PBXBuildFile; fileRef = AFAD80C316FE1F68008D2A8A /* CoreGraphics.framework */; };
		AFAD80CA16FE1F68008D2A8A /* InfoPlist.strings in Resources */ = {isa = PBXBuildFile; fileRef = AFAD80C816FE1F68008D2A8A /* InfoPlist.strings */; };
		AFAD80CC16FE1F68008D2A8A /* main.m in Sources */ = {isa = PBXBuildFile; fileRef = AFAD80CB16FE1F68008D2A8A /* main.m */; };
		AFAD80D016FE1F68008D2A8A /* AppDelegate.m in Sources */ = {isa = PBXBuildFile; fileRef = AFAD80CF16FE1F68008D2A8A /* AppDelegate.m */; };
		AFAD80D216FE1F68008D2A8A /* Default.png in Resources */ = {isa = PBXBuildFile; fileRef = AFAD80D116FE1F68008D2A8A /* Default.png */; };
		AFAD80D416FE1F68008D2A8A /* Default@2x.png in Resources */ = {isa = PBXBuildFile; fileRef = AFAD80D316FE1F68008D2A8A /* Default@2x.png */; };
		AFAD80D616FE1F68008D2A8A /* Default-568h@2x.png in Resources */ = {isa = PBXBuildFile; fileRef = AFAD80D516FE1F68008D2A8A /* Default-568h@2x.png */; };
		AFAD80D916FE1F68008D2A8A /* MainStoryboard.storyboard in Resources */ = {isa = PBXBuildFile; fileRef = AFAD80D716FE1F68008D2A8A /* MainStoryboard.storyboard */; };
		AFAD80DC16FE1F68008D2A8A /* InitialViewController.m in Sources */ = {isa = PBXBuildFile; fileRef = AFAD80DB16FE1F68008D2A8A /* InitialViewController.m */; };
		AFAD80E416FE3CBA008D2A8A /* CreateAccount.m in Sources */ = {isa = PBXBuildFile; fileRef = AFAD80E316FE3CBA008D2A8A /* CreateAccount.m */; };
		AFAD80E716FE3D45008D2A8A /* CreateAccountCompany.m in Sources */ = {isa = PBXBuildFile; fileRef = AFAD80E616FE3D45008D2A8A /* CreateAccountCompany.m */; };
		AFAD80EE16FE539A008D2A8A /* UIImage+AlphaAdditions.m in Sources */ = {isa = PBXBuildFile; fileRef = AFAD80E916FE5399008D2A8A /* UIImage+AlphaAdditions.m */; };
		AFAD80EF16FE539A008D2A8A /* UIImage+ResizeAdditions.m in Sources */ = {isa = PBXBuildFile; fileRef = AFAD80EB16FE5399008D2A8A /* UIImage+ResizeAdditions.m */; };
		AFAD80F016FE539A008D2A8A /* UIImage+RoundedCornerAdditions.m in Sources */ = {isa = PBXBuildFile; fileRef = AFAD80ED16FE539A008D2A8A /* UIImage+RoundedCornerAdditions.m */; };
		AFAD80F316FE64CB008D2A8A /* MarcoConstants.m in Sources */ = {isa = PBXBuildFile; fileRef = AFAD80F216FE64CB008D2A8A /* MarcoConstants.m */; };
/* End PBXBuildFile section */

/* Begin PBXFileReference section */
		2AB26FFE16FE34CA00E0E94E /* Parse.framework */ = {isa = PBXFileReference; lastKnownFileType = wrapper.framework; path = Parse.framework; sourceTree = "<group>"; };
		2AB2700016FE358A00E0E94E /* AudioToolbox.framework */ = {isa = PBXFileReference; lastKnownFileType = wrapper.framework; name = AudioToolbox.framework; path = System/Library/Frameworks/AudioToolbox.framework; sourceTree = SDKROOT; };
		2AB2700216FE359700E0E94E /* CFNetwork.framework */ = {isa = PBXFileReference; lastKnownFileType = wrapper.framework; name = CFNetwork.framework; path = System/Library/Frameworks/CFNetwork.framework; sourceTree = SDKROOT; };
		2AB2700416FE35CA00E0E94E /* CoreLocation.framework */ = {isa = PBXFileReference; lastKnownFileType = wrapper.framework; name = CoreLocation.framework; path = System/Library/Frameworks/CoreLocation.framework; sourceTree = SDKROOT; };
		2AB2700616FE366D00E0E94E /* libz.1.1.3.dylib */ = {isa = PBXFileReference; lastKnownFileType = "compiled.mach-o.dylib"; name = libz.1.1.3.dylib; path = usr/lib/libz.1.1.3.dylib; sourceTree = SDKROOT; };
		2AB2700816FE367900E0E94E /* MobileCoreServices.framework */ = {isa = PBXFileReference; lastKnownFileType = wrapper.framework; name = MobileCoreServices.framework; path = System/Library/Frameworks/MobileCoreServices.framework; sourceTree = SDKROOT; };
		2AB2700A16FE368300E0E94E /* QuartzCore.framework */ = {isa = PBXFileReference; lastKnownFileType = wrapper.framework; name = QuartzCore.framework; path = System/Library/Frameworks/QuartzCore.framework; sourceTree = SDKROOT; };
		2AB2700C16FE368C00E0E94E /* Security.framework */ = {isa = PBXFileReference; lastKnownFileType = wrapper.framework; name = Security.framework; path = System/Library/Frameworks/Security.framework; sourceTree = SDKROOT; };
		2AB2700E16FE369600E0E94E /* StoreKit.framework */ = {isa = PBXFileReference; lastKnownFileType = wrapper.framework; name = StoreKit.framework; path = System/Library/Frameworks/StoreKit.framework; sourceTree = SDKROOT; };
		2AB2701016FE369F00E0E94E /* SystemConfiguration.framework */ = {isa = PBXFileReference; lastKnownFileType = wrapper.framework; name = SystemConfiguration.framework; path = System/Library/Frameworks/SystemConfiguration.framework; sourceTree = SDKROOT; };
		2AB2701216FE370100E0E94E /* AdSupport.framework */ = {isa = PBXFileReference; lastKnownFileType = wrapper.framework; name = AdSupport.framework; path = System/Library/Frameworks/AdSupport.framework; sourceTree = SDKROOT; };
		2AB2701416FE371100E0E94E /* Social.framework */ = {isa = PBXFileReference; lastKnownFileType = wrapper.framework; name = Social.framework; path = System/Library/Frameworks/Social.framework; sourceTree = SDKROOT; };
		2AB2701616FE371D00E0E94E /* Accounts.framework */ = {isa = PBXFileReference; lastKnownFileType = wrapper.framework; name = Accounts.framework; path = System/Library/Frameworks/Accounts.framework; sourceTree = SDKROOT; };
		2AB2701816FE448100E0E94E /* CompanyDashboardViewController.h */ = {isa = PBXFileReference; fileEncoding = 4; lastKnownFileType = sourcecode.c.h; path = CompanyDashboardViewController.h; sourceTree = "<group>"; };
		2AB2701916FE448100E0E94E /* CompanyDashboardViewController.m */ = {isa = PBXFileReference; fileEncoding = 4; lastKnownFileType = sourcecode.c.objc; path = CompanyDashboardViewController.m; sourceTree = "<group>"; };
		2AB2701C16FE4CA600E0E94E /* bmw-logo.png */ = {isa = PBXFileReference; lastKnownFileType = image.png; path = "bmw-logo.png"; sourceTree = "<group>"; };
		2AB2701E16FE4FB600E0E94E /* mini-logo.png */ = {isa = PBXFileReference; lastKnownFileType = image.png; path = "mini-logo.png"; sourceTree = "<group>"; };
		2AB2702016FE4FF200E0E94E /* BloggerDashboardViewController.h */ = {isa = PBXFileReference; fileEncoding = 4; lastKnownFileType = sourcecode.c.h; path = BloggerDashboardViewController.h; sourceTree = "<group>"; };
		2AB2702116FE4FF200E0E94E /* BloggerDashboardViewController.m */ = {isa = PBXFileReference; fileEncoding = 4; lastKnownFileType = sourcecode.c.objc; path = BloggerDashboardViewController.m; sourceTree = "<group>"; };
		2AB2702516FE52B000E0E94E /* texture-8.png */ = {isa = PBXFileReference; lastKnownFileType = image.png; path = "texture-8.png"; sourceTree = "<group>"; };
		2AB2702716FE586B00E0E94E /* face1.png */ = {isa = PBXFileReference; lastKnownFileType = image.png; path = face1.png; sourceTree = "<group>"; };
		2AB2702916FE5D2800E0E94E /* face2.png */ = {isa = PBXFileReference; lastKnownFileType = image.png; path = face2.png; sourceTree = "<group>"; };
		2AB2702B16FE74B000E0E94E /* button-highlighted.png */ = {isa = PBXFileReference; lastKnownFileType = image.png; path = "button-highlighted.png"; sourceTree = "<group>"; };
		2AB2702C16FE74B000E0E94E /* button.png */ = {isa = PBXFileReference; lastKnownFileType = image.png; path = button.png; sourceTree = "<group>"; };
		AFAD80BC16FE1F68008D2A8A /* Marco Polo.app */ = {isa = PBXFileReference; explicitFileType = wrapper.application; includeInIndex = 0; path = "Marco Polo.app"; sourceTree = BUILT_PRODUCTS_DIR; };
		AFAD80BF16FE1F68008D2A8A /* UIKit.framework */ = {isa = PBXFileReference; lastKnownFileType = wrapper.framework; name = UIKit.framework; path = System/Library/Frameworks/UIKit.framework; sourceTree = SDKROOT; };
		AFAD80C116FE1F68008D2A8A /* Foundation.framework */ = {isa = PBXFileReference; lastKnownFileType = wrapper.framework; name = Foundation.framework; path = System/Library/Frameworks/Foundation.framework; sourceTree = SDKROOT; };
		AFAD80C316FE1F68008D2A8A /* CoreGraphics.framework */ = {isa = PBXFileReference; lastKnownFileType = wrapper.framework; name = CoreGraphics.framework; path = System/Library/Frameworks/CoreGraphics.framework; sourceTree = SDKROOT; };
		AFAD80C716FE1F68008D2A8A /* Marco Polo-Info.plist */ = {isa = PBXFileReference; lastKnownFileType = text.plist.xml; path = "Marco Polo-Info.plist"; sourceTree = "<group>"; };
		AFAD80C916FE1F68008D2A8A /* en */ = {isa = PBXFileReference; lastKnownFileType = text.plist.strings; name = en; path = en.lproj/InfoPlist.strings; sourceTree = "<group>"; };
		AFAD80CB16FE1F68008D2A8A /* main.m */ = {isa = PBXFileReference; lastKnownFileType = sourcecode.c.objc; path = main.m; sourceTree = "<group>"; };
		AFAD80CD16FE1F68008D2A8A /* Marco Polo-Prefix.pch */ = {isa = PBXFileReference; lastKnownFileType = sourcecode.c.h; path = "Marco Polo-Prefix.pch"; sourceTree = "<group>"; };
		AFAD80CE16FE1F68008D2A8A /* AppDelegate.h */ = {isa = PBXFileReference; lastKnownFileType = sourcecode.c.h; path = AppDelegate.h; sourceTree = "<group>"; };
		AFAD80CF16FE1F68008D2A8A /* AppDelegate.m */ = {isa = PBXFileReference; lastKnownFileType = sourcecode.c.objc; path = AppDelegate.m; sourceTree = "<group>"; };
		AFAD80D116FE1F68008D2A8A /* Default.png */ = {isa = PBXFileReference; lastKnownFileType = image.png; path = Default.png; sourceTree = "<group>"; };
		AFAD80D316FE1F68008D2A8A /* Default@2x.png */ = {isa = PBXFileReference; lastKnownFileType = image.png; path = "Default@2x.png"; sourceTree = "<group>"; };
		AFAD80D516FE1F68008D2A8A /* Default-568h@2x.png */ = {isa = PBXFileReference; lastKnownFileType = image.png; path = "Default-568h@2x.png"; sourceTree = "<group>"; };
		AFAD80D816FE1F68008D2A8A /* en */ = {isa = PBXFileReference; lastKnownFileType = file.storyboard; name = en; path = en.lproj/MainStoryboard.storyboard; sourceTree = "<group>"; };
		AFAD80DA16FE1F68008D2A8A /* InitialViewController.h */ = {isa = PBXFileReference; lastKnownFileType = sourcecode.c.h; path = InitialViewController.h; sourceTree = "<group>"; };
		AFAD80DB16FE1F68008D2A8A /* InitialViewController.m */ = {isa = PBXFileReference; lastKnownFileType = sourcecode.c.objc; path = InitialViewController.m; sourceTree = "<group>"; };
		AFAD80E216FE3CBA008D2A8A /* CreateAccount.h */ = {isa = PBXFileReference; fileEncoding = 4; lastKnownFileType = sourcecode.c.h; path = CreateAccount.h; sourceTree = "<group>"; };
		AFAD80E316FE3CBA008D2A8A /* CreateAccount.m */ = {isa = PBXFileReference; fileEncoding = 4; lastKnownFileType = sourcecode.c.objc; path = CreateAccount.m; sourceTree = "<group>"; };
		AFAD80E516FE3D45008D2A8A /* CreateAccountCompany.h */ = {isa = PBXFileReference; fileEncoding = 4; lastKnownFileType = sourcecode.c.h; path = CreateAccountCompany.h; sourceTree = "<group>"; };
		AFAD80E616FE3D45008D2A8A /* CreateAccountCompany.m */ = {isa = PBXFileReference; fileEncoding = 4; lastKnownFileType = sourcecode.c.objc; path = CreateAccountCompany.m; sourceTree = "<group>"; };
		AFAD80E816FE5399008D2A8A /* UIImage+AlphaAdditions.h */ = {isa = PBXFileReference; fileEncoding = 4; lastKnownFileType = sourcecode.c.h; path = "UIImage+AlphaAdditions.h"; sourceTree = "<group>"; };
		AFAD80E916FE5399008D2A8A /* UIImage+AlphaAdditions.m */ = {isa = PBXFileReference; fileEncoding = 4; lastKnownFileType = sourcecode.c.objc; path = "UIImage+AlphaAdditions.m"; sourceTree = "<group>"; };
		AFAD80EA16FE5399008D2A8A /* UIImage+ResizeAdditions.h */ = {isa = PBXFileReference; fileEncoding = 4; lastKnownFileType = sourcecode.c.h; path = "UIImage+ResizeAdditions.h"; sourceTree = "<group>"; };
		AFAD80EB16FE5399008D2A8A /* UIImage+ResizeAdditions.m */ = {isa = PBXFileReference; fileEncoding = 4; lastKnownFileType = sourcecode.c.objc; path = "UIImage+ResizeAdditions.m"; sourceTree = "<group>"; };
		AFAD80EC16FE539A008D2A8A /* UIImage+RoundedCornerAdditions.h */ = {isa = PBXFileReference; fileEncoding = 4; lastKnownFileType = sourcecode.c.h; path = "UIImage+RoundedCornerAdditions.h"; sourceTree = "<group>"; };
		AFAD80ED16FE539A008D2A8A /* UIImage+RoundedCornerAdditions.m */ = {isa = PBXFileReference; fileEncoding = 4; lastKnownFileType = sourcecode.c.objc; path = "UIImage+RoundedCornerAdditions.m"; sourceTree = "<group>"; };
		AFAD80F116FE64CB008D2A8A /* MarcoConstants.h */ = {isa = PBXFileReference; fileEncoding = 4; lastKnownFileType = sourcecode.c.h; path = MarcoConstants.h; sourceTree = "<group>"; };
		AFAD80F216FE64CB008D2A8A /* MarcoConstants.m */ = {isa = PBXFileReference; fileEncoding = 4; lastKnownFileType = sourcecode.c.objc; path = MarcoConstants.m; sourceTree = "<group>"; };
/* End PBXFileReference section */

/* Begin PBXFrameworksBuildPhase section */
		AFAD80B916FE1F68008D2A8A /* Frameworks */ = {
			isa = PBXFrameworksBuildPhase;
			buildActionMask = 2147483647;
			files = (
				2AB2701716FE371D00E0E94E /* Accounts.framework in Frameworks */,
				2AB2701516FE371100E0E94E /* Social.framework in Frameworks */,
				2AB2701316FE370100E0E94E /* AdSupport.framework in Frameworks */,
				2AB2701116FE369F00E0E94E /* SystemConfiguration.framework in Frameworks */,
				2AB2700F16FE369600E0E94E /* StoreKit.framework in Frameworks */,
				2AB2700D16FE368C00E0E94E /* Security.framework in Frameworks */,
				2AB2700B16FE368300E0E94E /* QuartzCore.framework in Frameworks */,
				2AB2700916FE367900E0E94E /* MobileCoreServices.framework in Frameworks */,
				2AB2700716FE366D00E0E94E /* libz.1.1.3.dylib in Frameworks */,
				2AB2700516FE35CA00E0E94E /* CoreLocation.framework in Frameworks */,
				2AB2700316FE359700E0E94E /* CFNetwork.framework in Frameworks */,
				2AB2700116FE358A00E0E94E /* AudioToolbox.framework in Frameworks */,
				AFAD80C016FE1F68008D2A8A /* UIKit.framework in Frameworks */,
				AFAD80C216FE1F68008D2A8A /* Foundation.framework in Frameworks */,
				AFAD80C416FE1F68008D2A8A /* CoreGraphics.framework in Frameworks */,
				2AB26FFF16FE34CA00E0E94E /* Parse.framework in Frameworks */,
			);
			runOnlyForDeploymentPostprocessing = 0;
		};
/* End PBXFrameworksBuildPhase section */

/* Begin PBXGroup section */
		2AB2701B16FE4C9700E0E94E /* Images */ = {
			isa = PBXGroup;
			children = (
				2AB2702716FE586B00E0E94E /* face1.png */,
				2AB2702916FE5D2800E0E94E /* face2.png */,
				2AB2702516FE52B000E0E94E /* texture-8.png */,
				2AB2701C16FE4CA600E0E94E /* bmw-logo.png */,
				2AB2701E16FE4FB600E0E94E /* mini-logo.png */,
				2AB2702B16FE74B000E0E94E /* button-highlighted.png */,
				2AB2702C16FE74B000E0E94E /* button.png */,
			);
			name = Images;
			sourceTree = "<group>";
		};
		AFAD80B316FE1F68008D2A8A = {
			isa = PBXGroup;
			children = (
				2AB2701616FE371D00E0E94E /* Accounts.framework */,
				2AB2701416FE371100E0E94E /* Social.framework */,
				2AB2701216FE370100E0E94E /* AdSupport.framework */,
				AFAD80C516FE1F68008D2A8A /* Marco Polo */,
				AFAD80BE16FE1F68008D2A8A /* Frameworks */,
				AFAD80BD16FE1F68008D2A8A /* Products */,
			);
			sourceTree = "<group>";
		};
		AFAD80BD16FE1F68008D2A8A /* Products */ = {
			isa = PBXGroup;
			children = (
				AFAD80BC16FE1F68008D2A8A /* Marco Polo.app */,
			);
			name = Products;
			sourceTree = "<group>";
		};
		AFAD80BE16FE1F68008D2A8A /* Frameworks */ = {
			isa = PBXGroup;
			children = (
				2AB2701016FE369F00E0E94E /* SystemConfiguration.framework */,
				2AB2700E16FE369600E0E94E /* StoreKit.framework */,
				2AB2700C16FE368C00E0E94E /* Security.framework */,
				2AB2700A16FE368300E0E94E /* QuartzCore.framework */,
				2AB2700816FE367900E0E94E /* MobileCoreServices.framework */,
				2AB2700616FE366D00E0E94E /* libz.1.1.3.dylib */,
				2AB2700416FE35CA00E0E94E /* CoreLocation.framework */,
				2AB2700216FE359700E0E94E /* CFNetwork.framework */,
				2AB2700016FE358A00E0E94E /* AudioToolbox.framework */,
				2AB26FFE16FE34CA00E0E94E /* Parse.framework */,
				AFAD80BF16FE1F68008D2A8A /* UIKit.framework */,
				AFAD80C116FE1F68008D2A8A /* Foundation.framework */,
				AFAD80C316FE1F68008D2A8A /* CoreGraphics.framework */,
			);
			name = Frameworks;
			sourceTree = "<group>";
		};
		AFAD80C516FE1F68008D2A8A /* Marco Polo */ = {
			isa = PBXGroup;
			children = (
				AFAD80F416FE7A8C008D2A8A /* UIImage */,
				AFAD80D716FE1F68008D2A8A /* MainStoryboard.storyboard */,
				AFAD80CE16FE1F68008D2A8A /* AppDelegate.h */,
				AFAD80CF16FE1F68008D2A8A /* AppDelegate.m */,
				2AB2701816FE448100E0E94E /* CompanyDashboardViewController.h */,
				2AB2701916FE448100E0E94E /* CompanyDashboardViewController.m */,
				AFAD80DA16FE1F68008D2A8A /* InitialViewController.h */,
				AFAD80DB16FE1F68008D2A8A /* InitialViewController.m */,
				2AB2702016FE4FF200E0E94E /* BloggerDashboardViewController.h */,
				2AB2702116FE4FF200E0E94E /* BloggerDashboardViewController.m */,
				2AB2701B16FE4C9700E0E94E /* Images */,
				AFAD80E216FE3CBA008D2A8A /* CreateAccount.h */,
				AFAD80E316FE3CBA008D2A8A /* CreateAccount.m */,
				AFAD80E516FE3D45008D2A8A /* CreateAccountCompany.h */,
				AFAD80E616FE3D45008D2A8A /* CreateAccountCompany.m */,
				AFAD80F116FE64CB008D2A8A /* MarcoConstants.h */,
				AFAD80F216FE64CB008D2A8A /* MarcoConstants.m */,
				AFAD80C616FE1F68008D2A8A /* Supporting Files */,
			);
			path = "Marco Polo";
			sourceTree = "<group>";
		};
		AFAD80C616FE1F68008D2A8A /* Supporting Files */ = {
			isa = PBXGroup;
			children = (
				AFAD80C716FE1F68008D2A8A /* Marco Polo-Info.plist */,
				AFAD80C816FE1F68008D2A8A /* InfoPlist.strings */,
				AFAD80CB16FE1F68008D2A8A /* main.m */,
				AFAD80CD16FE1F68008D2A8A /* Marco Polo-Prefix.pch */,
				AFAD80D116FE1F68008D2A8A /* Default.png */,
				AFAD80D316FE1F68008D2A8A /* Default@2x.png */,
				AFAD80D516FE1F68008D2A8A /* Default-568h@2x.png */,
			);
			name = "Supporting Files";
			sourceTree = "<group>";
		};
		AFAD80F416FE7A8C008D2A8A /* UIImage */ = {
			isa = PBXGroup;
			children = (
				AFAD80EC16FE539A008D2A8A /* UIImage+RoundedCornerAdditions.h */,
				AFAD80ED16FE539A008D2A8A /* UIImage+RoundedCornerAdditions.m */,
				AFAD80E816FE5399008D2A8A /* UIImage+AlphaAdditions.h */,
				AFAD80E916FE5399008D2A8A /* UIImage+AlphaAdditions.m */,
				AFAD80EA16FE5399008D2A8A /* UIImage+ResizeAdditions.h */,
				AFAD80EB16FE5399008D2A8A /* UIImage+ResizeAdditions.m */,
			);
			name = UIImage;
			sourceTree = "<group>";
		};
/* End PBXGroup section */

/* Begin PBXNativeTarget section */
		AFAD80BB16FE1F68008D2A8A /* Marco Polo */ = {
			isa = PBXNativeTarget;
			buildConfigurationList = AFAD80DF16FE1F68008D2A8A /* Build configuration list for PBXNativeTarget "Marco Polo" */;
			buildPhases = (
				AFAD80B816FE1F68008D2A8A /* Sources */,
				AFAD80B916FE1F68008D2A8A /* Frameworks */,
				AFAD80BA16FE1F68008D2A8A /* Resources */,
			);
			buildRules = (
			);
			dependencies = (
			);
			name = "Marco Polo";
			productName = "Marco Polo";
			productReference = AFAD80BC16FE1F68008D2A8A /* Marco Polo.app */;
			productType = "com.apple.product-type.application";
		};
/* End PBXNativeTarget section */

/* Begin PBXProject section */
		AFAD80B416FE1F68008D2A8A /* Project object */ = {
			isa = PBXProject;
			attributes = {
				LastUpgradeCheck = 0460;
				ORGANIZATIONNAME = com.marcopolo;
			};
			buildConfigurationList = AFAD80B716FE1F68008D2A8A /* Build configuration list for PBXProject "Marco Polo" */;
			compatibilityVersion = "Xcode 3.2";
			developmentRegion = English;
			hasScannedForEncodings = 0;
			knownRegions = (
				en,
			);
			mainGroup = AFAD80B316FE1F68008D2A8A;
			productRefGroup = AFAD80BD16FE1F68008D2A8A /* Products */;
			projectDirPath = "";
			projectRoot = "";
			targets = (
				AFAD80BB16FE1F68008D2A8A /* Marco Polo */,
			);
		};
/* End PBXProject section */

/* Begin PBXResourcesBuildPhase section */
		AFAD80BA16FE1F68008D2A8A /* Resources */ = {
			isa = PBXResourcesBuildPhase;
			buildActionMask = 2147483647;
			files = (
				AFAD80CA16FE1F68008D2A8A /* InfoPlist.strings in Resources */,
				AFAD80D216FE1F68008D2A8A /* Default.png in Resources */,
				AFAD80D416FE1F68008D2A8A /* Default@2x.png in Resources */,
				AFAD80D616FE1F68008D2A8A /* Default-568h@2x.png in Resources */,
				AFAD80D916FE1F68008D2A8A /* MainStoryboard.storyboard in Resources */,
				2AB2701D16FE4CA600E0E94E /* bmw-logo.png in Resources */,
				2AB2701F16FE4FB600E0E94E /* mini-logo.png in Resources */,
				2AB2702616FE52B000E0E94E /* texture-8.png in Resources */,
				2AB2702816FE586B00E0E94E /* face1.png in Resources */,
				2AB2702A16FE5D2800E0E94E /* face2.png in Resources */,
				2AB2702D16FE74B000E0E94E /* button-highlighted.png in Resources */,
				2AB2702E16FE74B000E0E94E /* button.png in Resources */,
			);
			runOnlyForDeploymentPostprocessing = 0;
		};
/* End PBXResourcesBuildPhase section */

/* Begin PBXSourcesBuildPhase section */
		AFAD80B816FE1F68008D2A8A /* Sources */ = {
			isa = PBXSourcesBuildPhase;
			buildActionMask = 2147483647;
			files = (
				AFAD80CC16FE1F68008D2A8A /* main.m in Sources */,
				AFAD80D016FE1F68008D2A8A /* AppDelegate.m in Sources */,
				AFAD80DC16FE1F68008D2A8A /* InitialViewController.m in Sources */,
				2AB2701A16FE448100E0E94E /* CompanyDashboardViewController.m in Sources */,
				2AB2702216FE4FF200E0E94E /* BloggerDashboardViewController.m in Sources */,
				AFAD80E416FE3CBA008D2A8A /* CreateAccount.m in Sources */,
				AFAD80E716FE3D45008D2A8A /* CreateAccountCompany.m in Sources */,
				AFAD80EE16FE539A008D2A8A /* UIImage+AlphaAdditions.m in Sources */,
				AFAD80EF16FE539A008D2A8A /* UIImage+ResizeAdditions.m in Sources */,
				AFAD80F016FE539A008D2A8A /* UIImage+RoundedCornerAdditions.m in Sources */,
				AFAD80F316FE64CB008D2A8A /* MarcoConstants.m in Sources */,
			);
			runOnlyForDeploymentPostprocessing = 0;
		};
/* End PBXSourcesBuildPhase section */

/* Begin PBXVariantGroup section */
		AFAD80C816FE1F68008D2A8A /* InfoPlist.strings */ = {
			isa = PBXVariantGroup;
			children = (
				AFAD80C916FE1F68008D2A8A /* en */,
			);
			name = InfoPlist.strings;
			sourceTree = "<group>";
		};
		AFAD80D716FE1F68008D2A8A /* MainStoryboard.storyboard */ = {
			isa = PBXVariantGroup;
			children = (
				AFAD80D816FE1F68008D2A8A /* en */,
			);
			name = MainStoryboard.storyboard;
			sourceTree = "<group>";
		};
/* End PBXVariantGroup section */

/* Begin XCBuildConfiguration section */
		AFAD80DD16FE1F68008D2A8A /* Debug */ = {
			isa = XCBuildConfiguration;
			buildSettings = {
				ALWAYS_SEARCH_USER_PATHS = NO;
				CLANG_CXX_LANGUAGE_STANDARD = "gnu++0x";
				CLANG_CXX_LIBRARY = "libc++";
				CLANG_ENABLE_OBJC_ARC = YES;
				CLANG_WARN_CONSTANT_CONVERSION = YES;
				CLANG_WARN_EMPTY_BODY = YES;
				CLANG_WARN_ENUM_CONVERSION = YES;
				CLANG_WARN_INT_CONVERSION = YES;
				CLANG_WARN__DUPLICATE_METHOD_MATCH = YES;
				"CODE_SIGN_IDENTITY[sdk=iphoneos*]" = "iPhone Developer";
				COPY_PHASE_STRIP = NO;
				GCC_C_LANGUAGE_STANDARD = gnu99;
				GCC_DYNAMIC_NO_PIC = NO;
				GCC_OPTIMIZATION_LEVEL = 0;
				GCC_PREPROCESSOR_DEFINITIONS = (
					"DEBUG=1",
					"$(inherited)",
				);
				GCC_SYMBOLS_PRIVATE_EXTERN = NO;
				GCC_WARN_ABOUT_RETURN_TYPE = YES;
				GCC_WARN_UNINITIALIZED_AUTOS = YES;
				GCC_WARN_UNUSED_VARIABLE = YES;
				IPHONEOS_DEPLOYMENT_TARGET = 6.1;
				ONLY_ACTIVE_ARCH = YES;
				SDKROOT = iphoneos;
			};
			name = Debug;
		};
		AFAD80DE16FE1F68008D2A8A /* Release */ = {
			isa = XCBuildConfiguration;
			buildSettings = {
				ALWAYS_SEARCH_USER_PATHS = NO;
				CLANG_CXX_LANGUAGE_STANDARD = "gnu++0x";
				CLANG_CXX_LIBRARY = "libc++";
				CLANG_ENABLE_OBJC_ARC = YES;
				CLANG_WARN_CONSTANT_CONVERSION = YES;
				CLANG_WARN_EMPTY_BODY = YES;
				CLANG_WARN_ENUM_CONVERSION = YES;
				CLANG_WARN_INT_CONVERSION = YES;
				CLANG_WARN__DUPLICATE_METHOD_MATCH = YES;
				"CODE_SIGN_IDENTITY[sdk=iphoneos*]" = "iPhone Developer";
				COPY_PHASE_STRIP = YES;
				GCC_C_LANGUAGE_STANDARD = gnu99;
				GCC_WARN_ABOUT_RETURN_TYPE = YES;
				GCC_WARN_UNINITIALIZED_AUTOS = YES;
				GCC_WARN_UNUSED_VARIABLE = YES;
				IPHONEOS_DEPLOYMENT_TARGET = 6.1;
				OTHER_CFLAGS = "-DNS_BLOCK_ASSERTIONS=1";
				SDKROOT = iphoneos;
				VALIDATE_PRODUCT = YES;
			};
			name = Release;
		};
		AFAD80E016FE1F68008D2A8A /* Debug */ = {
			isa = XCBuildConfiguration;
			buildSettings = {
				FRAMEWORK_SEARCH_PATHS = (
					"$(inherited)",
					"\"$(SRCROOT)\"",
				);
				GCC_PRECOMPILE_PREFIX_HEADER = YES;
				GCC_PREFIX_HEADER = "Marco Polo/Marco Polo-Prefix.pch";
				INFOPLIST_FILE = "Marco Polo/Marco Polo-Info.plist";
				IPHONEOS_DEPLOYMENT_TARGET = 5.0;
				PRODUCT_NAME = "$(TARGET_NAME)";
				WRAPPER_EXTENSION = app;
			};
			name = Debug;
		};
		AFAD80E116FE1F68008D2A8A /* Release */ = {
			isa = XCBuildConfiguration;
			buildSettings = {
				FRAMEWORK_SEARCH_PATHS = (
					"$(inherited)",
					"\"$(SRCROOT)\"",
				);
				GCC_PRECOMPILE_PREFIX_HEADER = YES;
				GCC_PREFIX_HEADER = "Marco Polo/Marco Polo-Prefix.pch";
				INFOPLIST_FILE = "Marco Polo/Marco Polo-Info.plist";
				IPHONEOS_DEPLOYMENT_TARGET = 5.0;
				PRODUCT_NAME = "$(TARGET_NAME)";
				WRAPPER_EXTENSION = app;
			};
			name = Release;
		};
/* End XCBuildConfiguration section */

/* Begin XCConfigurationList section */
		AFAD80B716FE1F68008D2A8A /* Build configuration list for PBXProject "Marco Polo" */ = {
			isa = XCConfigurationList;
			buildConfigurations = (
				AFAD80DD16FE1F68008D2A8A /* Debug */,
				AFAD80DE16FE1F68008D2A8A /* Release */,
			);
			defaultConfigurationIsVisible = 0;
			defaultConfigurationName = Release;
		};
		AFAD80DF16FE1F68008D2A8A /* Build configuration list for PBXNativeTarget "Marco Polo" */ = {
			isa = XCConfigurationList;
			buildConfigurations = (
				AFAD80E016FE1F68008D2A8A /* Debug */,
				AFAD80E116FE1F68008D2A8A /* Release */,
			);
			defaultConfigurationIsVisible = 0;
			defaultConfigurationName = Release;
		};
/* End XCConfigurationList section */
	};
	rootObject = AFAD80B416FE1F68008D2A8A /* Project object */;
}
